{
    "name": "ae-simple-nodejs",
    "version": "0.0.0",
    "lockfileVersion": 1,
    "requires": true,
    "dependencies": {
        "@angular/common": {
            "version": "9.1.13",
            "resolved": " https://registry.npmjs.org/@angular/common/-/common-9.1.13.tgz",
            "integrity": "sha512-QACUhJWlly/nfHUmjopVS1p6ayxxa/NqjyftdCeBJaoyM2YohqWixP/n/keu1K/srJ96aFpUNsZQgmgoRv5SOQ=="
        },
        "@angular/compiler": {
            "version": "9.1.13",
            "resolved": " https://registry.npmjs.org/@angular/compiler/-/compiler-9.1.13.tgz",
            "integrity": "sha512-9MLB1Xx7odKuxDoybVwiOB1ZEUZpL8FurYm4RVuW39ntsUt0IMC9Hb8UagZLTAWhaWSHydkD/KBQVVobGqd0lA=="
        },
        "@angular/compiler-cli": {
            "version": "9.1.13",
            "resolved": " https://registry.npmjs.org/@angular/compiler-cli/-/compiler-cli-9.1.13.tgz",
            "integrity": "sha512-40jbfMr1FinOqUyG3k4Moiytjs/Z8zKBgP3S5Qfn80EBJItRdFXwNtvaOi/onaag4+Mv+vigShwsgCewLbt/kA==",
            "requires": {
                "canonical-path": "1.0.0",
                "chokidar": "^3.0.0",
                "convert-source-map": "^1.5.1",
                "dependency-graph": "^0.7.2",
                "fs-extra": "4.0.2",
                "magic-string": "^0.25.0",
                "minimist": "^1.2.0",
                "reflect-metadata": "^0.1.2",
                "semver": "^6.3.0",
                "source-map": "^0.6.1",
                "sourcemap-codec": "^1.4.8",
                "yargs": "^16.1.1"
            },
            "dependencies": {
                "semver": {
                    "version": "6.3.0",
                    "resolved": " https://registry.npmjs.org/semver/-/semver-6.3.0.tgz",
                    "integrity": "sha512-b39TBaTSfV6yBrapU89p5fKekE2m/NwnDocOVruQFS1/veMgdzuPcnOM34M6CwxW8jH/lxEa5rBoDeUwu5HHTw==",
                },
                "source-map": {
                    "version": "0.6.1",
                    "resolved": " https://registry.npmjs.org/source-map/-/source-map-0.6.1.tgz",
                    "integrity": "sha512-UjgapumWlbMhkBgzT7Ykc5YXUT46F0iKu8SGXq0bcwP5dz/h0Plj6enJqjz1Zbq2l5WaqYnrVbwWOWMyF3F47g==",
                    "dev": true
                }
            }
        }
    }
}
